Microsoft Visual Studio Solution File, Format Version 12.00
# Visual Studio Version 16
VisualStudioVersion = 16.0.29924.181
MinimumVisualStudioVersion = 10.0.40219.1
Project("{2150E333-8FDC-42A3-9474-1A3956D46DE8}") = "1 - Presentation", "1 - Presentation", "{2D8010C0-D1B4-464F-8D0F-2D04759EFD22}"
EndProject
Project("{2150E333-8FDC-42A3-9474-1A3956D46DE8}") = "2 - Application", "2 - Application", "{0AF2D902-906A-4780-A648-3555DC70963A}"
EndProject
Project("{2150E333-8FDC-42A3-9474-1A3956D46DE8}") = "3 - Domain", "3 - Domain", "{83FB0592-FEEB-4E76-B1DE-0D171C16F240}"
EndProject
Project("{2150E333-8FDC-42A3-9474-1A3956D46DE8}") = "4 - Infra", "4 - Infra", "{2D72F483-7F52-467F-81EB-5C52EEE77245}"
EndProject
Project("{2150E333-8FDC-42A3-9474-1A3956D46DE8}") = "4.1 - Data", "4.1 - Data", "{D1032BFD-C4B3-4A97-8573-292AFE54380D}"
EndProject
Project("{2150E333-8FDC-42A3-9474-1A3956D46DE8}") = "4.2 - CrossCutting", "4.2 - CrossCutting", "{1C051F78-E63C-49F1-863E-3D7D77C406BE}"
EndProject
Project("{9A19103F-16F7-4668-BE54-9A1E7A4F7556}") = "PUCMinasSGSP.Domain", "PUCMinasSGSP.Domain\PUCMinasSGSP.Domain.csproj", "{51F090DE-62BC-4C05-B6E2-900813D4AB69}"
EndProject
Project("{9A19103F-16F7-4668-BE54-9A1E7A4F7556}") = "PUCMinasSGSP.Infra.Data", "PUCMinasSGSP.Infra.Data\PUCMinasSGSP.Infra.Data.csproj", "{FE181171-8D05-47C2-996E-20FBA5173001}"
EndProject
Project("{9A19103F-16F7-4668-BE54-9A1E7A4F7556}") = "PUCMinasSGSP.Application", "PUCMinasSGSP.Application\PUCMinasSGSP.Application.csproj", "{70446241-13B1-4F53-A010-145F1CAE699D}"
EndProject
Project("{2150E333-8FDC-42A3-9474-1A3956D46DE8}") = "5 - Common", "5 - Common", "{6AD6EEFB-B6A2-4266-BCD5-C1322ECC8837}"
EndProject
Project("{9A19103F-16F7-4668-BE54-9A1E7A4F7556}") = "PUCMinasSGSP.Common", "PUCMinasSGSP.Common\PUCMinasSGSP.Common.csproj", "{AB257AE2-93E1-4ACE-B056-59408C06176F}"
EndProject
Project("{FAE04EC0-301F-11D3-BF4B-00C04F79EFBC}") = "PUCMinasSGSP.WebAPI", "PUCMinasSGSP.WebAPI\PUCMinasSGSP.WebAPI.csproj", "{4275C484-1B9A-4F5D-834E-EF9D516596A1}"
EndProject
Global
	GlobalSection(SolutionConfigurationPlatforms) = preSolution
		Debug|Any CPU = Debug|Any CPU
		Release|Any CPU = Release|Any CPU
	EndGlobalSection
	GlobalSection(ProjectConfigurationPlatforms) = postSolution
		{51F090DE-62BC-4C05-B6E2-900813D4AB69}.Debug|Any CPU.ActiveCfg = Debug|Any CPU
		{51F090DE-62BC-4C05-B6E2-900813D4AB69}.Debug|Any CPU.Build.0 = Debug|Any CPU
		{51F090DE-62BC-4C05-B6E2-900813D4AB69}.Release|Any CPU.ActiveCfg = Release|Any CPU
		{51F090DE-62BC-4C05-B6E2-900813D4AB69}.Release|Any CPU.Build.0 = Release|Any CPU
		{FE181171-8D05-47C2-996E-20FBA5173001}.Debug|Any CPU.ActiveCfg = Debug|Any CPU
		{FE181171-8D05-47C2-996E-20FBA5173001}.Debug|Any CPU.Build.0 = Debug|Any CPU
		{FE181171-8D05-47C2-996E-20FBA5173001}.Release|Any CPU.ActiveCfg = Release|Any CPU
		{FE181171-8D05-47C2-996E-20FBA5173001}.Release|Any CPU.Build.0 = Release|Any CPU
		{70446241-13B1-4F53-A010-145F1CAE699D}.Debug|Any CPU.ActiveCfg = Debug|Any CPU
		{70446241-13B1-4F53-A010-145F1CAE699D}.Debug|Any CPU.Build.0 = Debug|Any CPU
		{70446241-13B1-4F53-A010-145F1CAE699D}.Release|Any CPU.ActiveCfg = Release|Any CPU
		{70446241-13B1-4F53-A010-145F1CAE699D}.Release|Any CPU.Build.0 = Release|Any CPU
		{AB257AE2-93E1-4ACE-B056-59408C06176F}.Debug|Any CPU.ActiveCfg = Debug|Any CPU
		{AB257AE2-93E1-4ACE-B056-59408C06176F}.Debug|Any CPU.Build.0 = Debug|Any CPU
		{AB257AE2-93E1-4ACE-B056-59408C06176F}.Release|Any CPU.ActiveCfg = Release|Any CPU
		{AB257AE2-93E1-4ACE-B056-59408C06176F}.Release|Any CPU.Build.0 = Release|Any CPU
		{4275C484-1B9A-4F5D-834E-EF9D516596A1}.Debug|Any CPU.ActiveCfg = Debug|Any CPU
		{4275C484-1B9A-4F5D-834E-EF9D516596A1}.Debug|Any CPU.Build.0 = Debug|Any CPU
		{4275C484-1B9A-4F5D-834E-EF9D516596A1}.Release|Any CPU.ActiveCfg = Release|Any CPU
		{4275C484-1B9A-4F5D-834E-EF9D516596A1}.Release|Any CPU.Build.0 = Release|Any CPU
	EndGlobalSection
	GlobalSection(SolutionProperties) = preSolution
		HideSolutionNode = FALSE
	EndGlobalSection
	GlobalSection(NestedProjects) = preSolution
		{D1032BFD-C4B3-4A97-8573-292AFE54380D} = {2D72F483-7F52-467F-81EB-5C52EEE77245}
		{1C051F78-E63C-49F1-863E-3D7D77C406BE} = {2D72F483-7F52-467F-81EB-5C52EEE77245}
		{51F090DE-62BC-4C05-B6E2-900813D4AB69} = {83FB0592-FEEB-4E76-B1DE-0D171C16F240}
		{FE181171-8D05-47C2-996E-20FBA5173001} = {D1032BFD-C4B3-4A97-8573-292AFE54380D}
		{70446241-13B1-4F53-A010-145F1CAE699D} = {0AF2D902-906A-4780-A648-3555DC70963A}
		{AB257AE2-93E1-4ACE-B056-59408C06176F} = {6AD6EEFB-B6A2-4266-BCD5-C1322ECC8837}
		{4275C484-1B9A-4F5D-834E-EF9D516596A1} = {2D8010C0-D1B4-464F-8D0F-2D04759EFD22}
	EndGlobalSection
	GlobalSection(ExtensibilityGlobals) = postSolution
		SolutionGuid = {1DAD467A-6DC9-4C9E-8147-D5F875F0F2EE}
	EndGlobalSection
EndGlobal
